
Microsoft Visual Studio Solution File, Format Version 12.00
# Visual Studio Version 17
VisualStudioVersion = 17.6.33829.357
MinimumVisualStudioVersion = 10.0.40219.1
Project("{FAE04EC0-301F-11D3-BF4B-00C04F79EFBC}") = "ExcelProcessor", "ExcelProcessor\ExcelProcessor.csproj", "{87F204E3-DD2B-4275-A110-936A446AFA01}"
EndProject
Global
	GlobalSection(SolutionConfigurationPlatforms) = preSolution
		Debug|Any CPU = Debug|Any CPU
		Release|Any CPU = Release|Any CPU
	EndGlobalSection
	GlobalSection(ProjectConfigurationPlatforms) = postSolution
		{87F204E3-DD2B-4275-A110-936A446AFA01}.Debug|Any CPU.ActiveCfg = Debug|Any CPU
		{87F204E3-DD2B-4275-A110-936A446AFA01}.Debug|Any CPU.Build.0 = Debug|Any CPU
		{87F204E3-DD2B-4275-A110-936A446AFA01}.Release|Any CPU.ActiveCfg = Release|Any CPU
		{87F204E3-DD2B-4275-A110-936A446AFA01}.Release|Any CPU.Build.0 = Release|Any CPU
	EndGlobalSection
	GlobalSection(SolutionProperties) = preSolution
		HideSolutionNode = FALSE
	EndGlobalSection
	GlobalSection(ExtensibilityGlobals) = postSolution
		SolutionGuid = {9805380B-27CD-4C76-9355-B53F5F159092}
	EndGlobalSection
EndGlobal
